{
    "_meta": {
        "hash": {
            "sha256": "1683f85ba4aff54fdd045d4a254ac48ec081c3ecac09f680d55acfda7d96b215"
        },
        "pipfile-spec": 6,
        "requires": {
            "python_version": "3.8"
        },
        "sources": [
            {
                "name": "pypi",
                "url": "https://pypi.org/simple",
                "verify_ssl": true
            }
        ]
    },
    "default": {
        "olefile": {
            "hashes": [
                "sha256:133b031eaf8fd2c9399b78b8bc5b8fcbe4c31e85295749bb17a87cba8f3c3964"
            ],
            "index": "pypi",
            "version": "==0.46"
        }
    },
    "develop": {}
}
